# THIS IS AN AUTOGENERATED FILE. DO NOT EDIT THIS FILE DIRECTLY.
# yarn lockfile v1


bluebird@^3.5.0:
  version "3.5.1"
  resolved "https://registry.yarnpkg.com/bluebird/-/bluebird-3.5.1.tgz#d9551f9de98f1fcda1e683d17ee91a0602ee2eb9"

bs-platform@2.0.0:
  version "2.0.0"
  resolved "https://registry.yarnpkg.com/bs-platform/-/bs-platform-2.0.0.tgz#17ee607fa829f67b8b920438ebca5ec1deab3276"

buffer-writer@1.0.1:
  version "1.0.1"
  resolved "https://registry.yarnpkg.com/buffer-writer/-/buffer-writer-1.0.1.tgz#22a936901e3029afcd7547eb4487ceb697a3bf08"

deep-freeze-node@^1.1.3:
  version "1.1.3"
  resolved "https://registry.yarnpkg.com/deep-freeze-node/-/deep-freeze-node-1.1.3.tgz#ce9c14b3210e6f5607a578254f4b53fe01dd9467"

denque@^1.2.2:
  version "1.2.2"
  resolved "https://registry.yarnpkg.com/denque/-/denque-1.2.2.tgz#e06cf7cf0da8badc88cbdaabf8fc0a70d659f1d4"

js-string-escape@1.0.1:
  version "1.0.1"
  resolved "https://registry.yarnpkg.com/js-string-escape/-/js-string-escape-1.0.1.tgz#e2625badbc0d67c7533e9edc1068c587ae4137ef"

manakin@~0.5.1:
  version "0.5.1"
  resolved "https://registry.yarnpkg.com/manakin/-/manakin-0.5.1.tgz#c4a7116f6b00df3d5f1a37ad3ca515d22065a658"

nact-persistence-postgres@^4.0.1:
  version "4.0.1"
  resolved "https://registry.yarnpkg.com/nact-persistence-postgres/-/nact-persistence-postgres-4.0.1.tgz#3eecb9e1dc30ffe5913d4f7230c83ff908b9abde"
  dependencies:
    nact "^4.0.0"
    pg-promise "^7.3.2"
    rxjs "^5.4.3"

nact@^4.0.0:
  version "4.2.0"
  resolved "https://registry.yarnpkg.com/nact/-/nact-4.2.0.tgz#70968f91948592aacc1ee62e78e12f2f59fc3a40"
  dependencies:
    bluebird "^3.5.0"
    deep-freeze-node "^1.1.3"
    denque "^1.2.2"
    rxjs "^5.4.3"

nact@^4.2.0:
  version "4.3.0"
  resolved "https://registry.yarnpkg.com/nact/-/nact-4.3.0.tgz#e2856ad316d95d1cc33fcb6a19ab07e60568f0a4"
  dependencies:
    deep-freeze-node "^1.1.3"
    denque "^1.2.2"
    rxjs "^5.4.3"

packet-reader@0.3.1:
  version "0.3.1"
  resolved "https://registry.yarnpkg.com/packet-reader/-/packet-reader-0.3.1.tgz#cd62e60af8d7fea8a705ec4ff990871c46871f27"

pg-connection-string@0.1.3:
  version "0.1.3"
  resolved "https://registry.yarnpkg.com/pg-connection-string/-/pg-connection-string-0.1.3.tgz#da1847b20940e42ee1492beaf65d49d91b245df7"

pg-minify@~0.5.3:
  version "0.5.3"
  resolved "https://registry.yarnpkg.com/pg-minify/-/pg-minify-0.5.3.tgz#aa09befa3cbe29fab6461bf819100e0471215011"

pg-pool@~2.0.3:
  version "2.0.3"
  resolved "https://registry.yarnpkg.com/pg-pool/-/pg-pool-2.0.3.tgz#c022032c8949f312a4f91fb6409ce04076be3257"

pg-promise@^7.3.2:
  version "7.3.2"
  resolved "https://registry.yarnpkg.com/pg-promise/-/pg-promise-7.3.2.tgz#0cee9fb747932b594f122ba79e67d0cd226473c6"
  dependencies:
    manakin "~0.5.1"
    pg "~7.4.0"
    pg-minify "~0.5.3"
    spex "~2.0.1"

pg-types@~1.12.1:
  version "1.12.1"
  resolved "https://registry.yarnpkg.com/pg-types/-/pg-types-1.12.1.tgz#d64087e3903b58ffaad279e7595c52208a14c3d2"
  dependencies:
    postgres-array "~1.0.0"
    postgres-bytea "~1.0.0"
    postgres-date "~1.0.0"
    postgres-interval "^1.1.0"

pg@~7.4.0:
  version "7.4.0"
  resolved "https://registry.yarnpkg.com/pg/-/pg-7.4.0.tgz#e256061d2c52723c3c858defb97f1159ca660f83"
  dependencies:
    buffer-writer "1.0.1"
    js-string-escape "1.0.1"
    packet-reader "0.3.1"
    pg-connection-string "0.1.3"
    pg-pool "~2.0.3"
    pg-types "~1.12.1"
    pgpass "1.x"
    semver "4.3.2"

pgpass@1.x:
  version "1.0.2"
  resolved "https://registry.yarnpkg.com/pgpass/-/pgpass-1.0.2.tgz#2a7bb41b6065b67907e91da1b07c1847c877b306"
  dependencies:
    split "^1.0.0"

postgres-array@~1.0.0:
  version "1.0.2"
  resolved "https://registry.yarnpkg.com/postgres-array/-/postgres-array-1.0.2.tgz#8e0b32eb03bf77a5c0a7851e0441c169a256a238"

postgres-bytea@~1.0.0:
  version "1.0.0"
  resolved "https://registry.yarnpkg.com/postgres-bytea/-/postgres-bytea-1.0.0.tgz#027b533c0aa890e26d172d47cf9ccecc521acd35"

postgres-date@~1.0.0:
  version "1.0.3"
  resolved "https://registry.yarnpkg.com/postgres-date/-/postgres-date-1.0.3.tgz#e2d89702efdb258ff9d9cee0fe91bd06975257a8"

postgres-interval@^1.1.0:
  version "1.1.1"
  resolved "https://registry.yarnpkg.com/postgres-interval/-/postgres-interval-1.1.1.tgz#acdb0f897b4b1c6e496d9d4e0a853e1c428f06f0"
  dependencies:
    xtend "^4.0.0"

reason-nact@^1.0.1:
  version "1.0.1"
  resolved "https://registry.yarnpkg.com/reason-nact/-/reason-nact-1.0.1.tgz#eaa35b4e7f9bdf7809e4e83a99332740802a32fc"
  dependencies:
    nact "^4.2.0"

rxjs@^5.4.3:
  version "5.5.5"
  resolved "https://registry.yarnpkg.com/rxjs/-/rxjs-5.5.5.tgz#e164f11d38eaf29f56f08c3447f74ff02dd84e97"
  dependencies:
    symbol-observable "1.0.1"

semver@4.3.2:
  version "4.3.2"
  resolved "https://registry.yarnpkg.com/semver/-/semver-4.3.2.tgz#c7a07158a80bedd052355b770d82d6640f803be7"

spex@~2.0.1:
  version "2.0.1"
  resolved "https://registry.yarnpkg.com/spex/-/spex-2.0.1.tgz#928c5c75b1a490f7203f49bccd967622dba4d3d3"

split@^1.0.0:
  version "1.0.1"
  resolved "https://registry.yarnpkg.com/split/-/split-1.0.1.tgz#605bd9be303aa59fb35f9229fbea0ddec9ea07d9"
  dependencies:
    through "2"

symbol-observable@1.0.1:
  version "1.0.1"
  resolved "https://registry.yarnpkg.com/symbol-observable/-/symbol-observable-1.0.1.tgz#8340fc4702c3122df5d22288f88283f513d3fdd4"

through@2:
  version "2.3.8"
  resolved "https://registry.yarnpkg.com/through/-/through-2.3.8.tgz#0dd4c9ffaabc357960b1b724115d7e0e86a2e1f5"

xtend@^4.0.0:
  version "4.0.1"
  resolved "https://registry.yarnpkg.com/xtend/-/xtend-4.0.1.tgz#a5c6d532be656e23db820efb943a1f04998d63af"
