# THIS IS AN AUTOGENERATED FILE. DO NOT EDIT THIS FILE DIRECTLY.
# yarn lockfile v1


bs-platform@^2.2.3:
  version "2.2.3"
  resolved "https://registry.yarnpkg.com/bs-platform/-/bs-platform-2.2.3.tgz#d905ae10a5f3621e6a739041dfa0b58483a2174f"

buffer-writer@1.0.1:
  version "1.0.1"
  resolved "https://registry.yarnpkg.com/buffer-writer/-/buffer-writer-1.0.1.tgz#22a936901e3029afcd7547eb4487ceb697a3bf08"

denque@^1.2.2:
  version "1.2.3"
  resolved "https://registry.yarnpkg.com/denque/-/denque-1.2.3.tgz#98c50c8dd8cdfae318cc5859cc8ee3da0f9b0cc2"

js-string-escape@1.0.1:
  version "1.0.1"
  resolved "https://registry.yarnpkg.com/js-string-escape/-/js-string-escape-1.0.1.tgz#e2625badbc0d67c7533e9edc1068c587ae4137ef"

manakin@~0.5.1:
  version "0.5.1"
  resolved "https://registry.yarnpkg.com/manakin/-/manakin-0.5.1.tgz#c4a7116f6b00df3d5f1a37ad3ca515d22065a658"

nact-persistence-postgres@^6.0.0:
  version "6.0.0"
  resolved "https://registry.yarnpkg.com/nact-persistence-postgres/-/nact-persistence-postgres-6.0.0.tgz#e74c217e347ed883de1ddcce0474ea4be95b18a7"
  dependencies:
    pg-promise "^7.3.2"

nact@^6.0.0:
  version "6.0.0"
  resolved "https://registry.yarnpkg.com/nact/-/nact-6.0.0.tgz#e71f8da8fc11bef87fcd37a47d4ad1f5d34add83"
  dependencies:
    denque "^1.2.2"

packet-reader@0.3.1:
  version "0.3.1"
  resolved "https://registry.yarnpkg.com/packet-reader/-/packet-reader-0.3.1.tgz#cd62e60af8d7fea8a705ec4ff990871c46871f27"

pg-connection-string@0.1.3:
  version "0.1.3"
  resolved "https://registry.yarnpkg.com/pg-connection-string/-/pg-connection-string-0.1.3.tgz#da1847b20940e42ee1492beaf65d49d91b245df7"

pg-minify@~0.5.4:
  version "0.5.4"
  resolved "https://registry.yarnpkg.com/pg-minify/-/pg-minify-0.5.4.tgz#89d5261cacfd44dd7927fa052222a404e9b2a3c9"

pg-pool@~2.0.3:
  version "2.0.3"
  resolved "https://registry.yarnpkg.com/pg-pool/-/pg-pool-2.0.3.tgz#c022032c8949f312a4f91fb6409ce04076be3257"

pg-promise@^7.3.2:
  version "7.5.4"
  resolved "https://registry.yarnpkg.com/pg-promise/-/pg-promise-7.5.4.tgz#c1ef2f91ad8687296499dccfc7709d4b3c3fa43c"
  dependencies:
    manakin "~0.5.1"
    pg "~7.4.1"
    pg-minify "~0.5.4"
    spex "~2.0.2"

pg-types@~1.12.1:
  version "1.12.1"
  resolved "https://registry.yarnpkg.com/pg-types/-/pg-types-1.12.1.tgz#d64087e3903b58ffaad279e7595c52208a14c3d2"
  dependencies:
    postgres-array "~1.0.0"
    postgres-bytea "~1.0.0"
    postgres-date "~1.0.0"
    postgres-interval "^1.1.0"

pg@~7.4.1:
  version "7.4.1"
  resolved "https://registry.yarnpkg.com/pg/-/pg-7.4.1.tgz#f3411c8ddf9f692322fe05e7017a1888e47f78f1"
  dependencies:
    buffer-writer "1.0.1"
    js-string-escape "1.0.1"
    packet-reader "0.3.1"
    pg-connection-string "0.1.3"
    pg-pool "~2.0.3"
    pg-types "~1.12.1"
    pgpass "1.x"
    semver "4.3.2"

pgpass@1.x:
  version "1.0.2"
  resolved "https://registry.yarnpkg.com/pgpass/-/pgpass-1.0.2.tgz#2a7bb41b6065b67907e91da1b07c1847c877b306"
  dependencies:
    split "^1.0.0"

postgres-array@~1.0.0:
  version "1.0.2"
  resolved "https://registry.yarnpkg.com/postgres-array/-/postgres-array-1.0.2.tgz#8e0b32eb03bf77a5c0a7851e0441c169a256a238"

postgres-bytea@~1.0.0:
  version "1.0.0"
  resolved "https://registry.yarnpkg.com/postgres-bytea/-/postgres-bytea-1.0.0.tgz#027b533c0aa890e26d172d47cf9ccecc521acd35"

postgres-date@~1.0.0:
  version "1.0.3"
  resolved "https://registry.yarnpkg.com/postgres-date/-/postgres-date-1.0.3.tgz#e2d89702efdb258ff9d9cee0fe91bd06975257a8"

postgres-interval@^1.1.0:
  version "1.1.1"
  resolved "https://registry.yarnpkg.com/postgres-interval/-/postgres-interval-1.1.1.tgz#acdb0f897b4b1c6e496d9d4e0a853e1c428f06f0"
  dependencies:
    xtend "^4.0.0"

reason-nact@^3.0.0:
  version "3.0.0"
  resolved "https://registry.yarnpkg.com/reason-nact/-/reason-nact-3.0.0.tgz#1fb65339616b5ef8511975160ad6439662883c0c"
  dependencies:
    nact "^6.0.0"

semver@4.3.2:
  version "4.3.2"
  resolved "https://registry.yarnpkg.com/semver/-/semver-4.3.2.tgz#c7a07158a80bedd052355b770d82d6640f803be7"

spex@~2.0.2:
  version "2.0.2"
  resolved "https://registry.yarnpkg.com/spex/-/spex-2.0.2.tgz#e8c8d633a4c67af642dded701ec2350c9de964a0"

split@^1.0.0:
  version "1.0.1"
  resolved "https://registry.yarnpkg.com/split/-/split-1.0.1.tgz#605bd9be303aa59fb35f9229fbea0ddec9ea07d9"
  dependencies:
    through "2"

through@2:
  version "2.3.8"
  resolved "https://registry.yarnpkg.com/through/-/through-2.3.8.tgz#0dd4c9ffaabc357960b1b724115d7e0e86a2e1f5"

xtend@^4.0.0:
  version "4.0.1"
  resolved "https://registry.yarnpkg.com/xtend/-/xtend-4.0.1.tgz#a5c6d532be656e23db820efb943a1f04998d63af"
